
Microsoft Visual Studio Solution File, Format Version 12.00
# Visual Studio Version 17
VisualStudioVersion = 17.7.34024.191
MinimumVisualStudioVersion = 10.0.40219.1
Project("{FAE04EC0-301F-11D3-BF4B-00C04F79EFBC}") = "CubeCollect", "CubeCollect.csproj", "{4ABE424E-09C7-4753-9E46-2B3070D4DA05}"
EndProject
Global
	GlobalSection(SolutionConfigurationPlatforms) = preSolution
		Debug|Any CPU = Debug|Any CPU
		ExportDebug|Any CPU = ExportDebug|Any CPU
		ExportRelease|Any CPU = ExportRelease|Any CPU
	EndGlobalSection
	GlobalSection(ProjectConfigurationPlatforms) = postSolution
		{4ABE424E-09C7-4753-9E46-2B3070D4DA05}.Debug|Any CPU.ActiveCfg = Debug|Any CPU
		{4ABE424E-09C7-4753-9E46-2B3070D4DA05}.Debug|Any CPU.Build.0 = Debug|Any CPU
		{4ABE424E-09C7-4753-9E46-2B3070D4DA05}.ExportDebug|Any CPU.ActiveCfg = ExportDebug|Any CPU
		{4ABE424E-09C7-4753-9E46-2B3070D4DA05}.ExportDebug|Any CPU.Build.0 = ExportDebug|Any CPU
		{4ABE424E-09C7-4753-9E46-2B3070D4DA05}.ExportRelease|Any CPU.ActiveCfg = ExportRelease|Any CPU
		{4ABE424E-09C7-4753-9E46-2B3070D4DA05}.ExportRelease|Any CPU.Build.0 = ExportRelease|Any CPU
	EndGlobalSection
	GlobalSection(SolutionProperties) = preSolution
		HideSolutionNode = FALSE
	EndGlobalSection
	GlobalSection(ExtensibilityGlobals) = postSolution
		SolutionGuid = {072320B0-6390-4C47-B511-1D35177F89CC}
	EndGlobalSection
EndGlobal
